
Microsoft Visual Studio Solution File, Format Version 12.00
# Visual Studio Version 16
VisualStudioVersion = 16.0.31729.503
MinimumVisualStudioVersion = 10.0.40219.1
Project("{FAE04EC0-301F-11D3-BF4B-00C04F79EFBC}") = "SimulacionBanca", "SimulacionBanca\SimulacionBanca.csproj", "{D7BB20AD-FE42-4A28-8538-063B89C57BE2}"
EndProject
Project("{FAE04EC0-301F-11D3-BF4B-00C04F79EFBC}") = "Contracts", "Contracts\Contracts.csproj", "{3C2A3B41-EEC7-4C69-A5BF-F4292EF2E040}"
EndProject
Project("{FAE04EC0-301F-11D3-BF4B-00C04F79EFBC}") = "Entities", "Entities\Entities.csproj", "{3940B99C-5F1E-461B-A0FC-257F60E84500}"
EndProject
Project("{FAE04EC0-301F-11D3-BF4B-00C04F79EFBC}") = "LoggerService", "LoggerService\LoggerService.csproj", "{528A69C9-B4BA-4EF2-AA26-E07892DBB401}"
EndProject
Project("{FAE04EC0-301F-11D3-BF4B-00C04F79EFBC}") = "Repository", "Repository\Repository.csproj", "{3120ADD6-C284-476D-A4DB-93040ED6DD2A}"
EndProject
Global
	GlobalSection(SolutionConfigurationPlatforms) = preSolution
		Debug|Any CPU = Debug|Any CPU
		Release|Any CPU = Release|Any CPU
	EndGlobalSection
	GlobalSection(ProjectConfigurationPlatforms) = postSolution
		{D7BB20AD-FE42-4A28-8538-063B89C57BE2}.Debug|Any CPU.ActiveCfg = Debug|Any CPU
		{D7BB20AD-FE42-4A28-8538-063B89C57BE2}.Debug|Any CPU.Build.0 = Debug|Any CPU
		{D7BB20AD-FE42-4A28-8538-063B89C57BE2}.Release|Any CPU.ActiveCfg = Release|Any CPU
		{D7BB20AD-FE42-4A28-8538-063B89C57BE2}.Release|Any CPU.Build.0 = Release|Any CPU
		{3C2A3B41-EEC7-4C69-A5BF-F4292EF2E040}.Debug|Any CPU.ActiveCfg = Debug|Any CPU
		{3C2A3B41-EEC7-4C69-A5BF-F4292EF2E040}.Debug|Any CPU.Build.0 = Debug|Any CPU
		{3C2A3B41-EEC7-4C69-A5BF-F4292EF2E040}.Release|Any CPU.ActiveCfg = Release|Any CPU
		{3C2A3B41-EEC7-4C69-A5BF-F4292EF2E040}.Release|Any CPU.Build.0 = Release|Any CPU
		{3940B99C-5F1E-461B-A0FC-257F60E84500}.Debug|Any CPU.ActiveCfg = Debug|Any CPU
		{3940B99C-5F1E-461B-A0FC-257F60E84500}.Debug|Any CPU.Build.0 = Debug|Any CPU
		{3940B99C-5F1E-461B-A0FC-257F60E84500}.Release|Any CPU.ActiveCfg = Release|Any CPU
		{3940B99C-5F1E-461B-A0FC-257F60E84500}.Release|Any CPU.Build.0 = Release|Any CPU
		{528A69C9-B4BA-4EF2-AA26-E07892DBB401}.Debug|Any CPU.ActiveCfg = Debug|Any CPU
		{528A69C9-B4BA-4EF2-AA26-E07892DBB401}.Debug|Any CPU.Build.0 = Debug|Any CPU
		{528A69C9-B4BA-4EF2-AA26-E07892DBB401}.Release|Any CPU.ActiveCfg = Release|Any CPU
		{528A69C9-B4BA-4EF2-AA26-E07892DBB401}.Release|Any CPU.Build.0 = Release|Any CPU
		{3120ADD6-C284-476D-A4DB-93040ED6DD2A}.Debug|Any CPU.ActiveCfg = Debug|Any CPU
		{3120ADD6-C284-476D-A4DB-93040ED6DD2A}.Debug|Any CPU.Build.0 = Debug|Any CPU
		{3120ADD6-C284-476D-A4DB-93040ED6DD2A}.Release|Any CPU.ActiveCfg = Release|Any CPU
		{3120ADD6-C284-476D-A4DB-93040ED6DD2A}.Release|Any CPU.Build.0 = Release|Any CPU
	EndGlobalSection
	GlobalSection(SolutionProperties) = preSolution
		HideSolutionNode = FALSE
	EndGlobalSection
	GlobalSection(ExtensibilityGlobals) = postSolution
		SolutionGuid = {C88796BC-F9FA-438A-A918-7980F8D89A02}
	EndGlobalSection
EndGlobal
